// !$*UTF8*$!
{
	archiveVersion = 1;
	classes = {
	};
	objectVersion = 46;
	objects = {

/* Begin PBXBuildFile section */
		45281C691B571B8F00AB183A /* AppDelegate.swift in Sources */ = {isa = PBXBuildFile; fileRef = 45281C681B571B8F00AB183A /* AppDelegate.swift */; };
		45281C6B1B571B8F00AB183A /* ViewController.swift in Sources */ = {isa = PBXBuildFile; fileRef = 45281C6A1B571B8F00AB183A /* ViewController.swift */; };
		45281C6E1B571B8F00AB183A /* Main.storyboard in Resources */ = {isa = PBXBuildFile; fileRef = 45281C6C1B571B8F00AB183A /* Main.storyboard */; };
		45281C701B571B8F00AB183A /* Images.xcassets in Resources */ = {isa = PBXBuildFile; fileRef = 45281C6F1B571B8F00AB183A /* Images.xcassets */; };
		45281C731B571B8F00AB183A /* LaunchScreen.xib in Resources */ = {isa = PBXBuildFile; fileRef = 45281C711B571B8F00AB183A /* LaunchScreen.xib */; };
		45281C7F1B571B8F00AB183A /* FluxDemoTests.swift in Sources */ = {isa = PBXBuildFile; fileRef = 45281C7E1B571B8F00AB183A /* FluxDemoTests.swift */; };
/* End PBXBuildFile section */

/* Begin PBXContainerItemProxy section */
		45281C791B571B8F00AB183A /* PBXContainerItemProxy */ = {
			isa = PBXContainerItemProxy;
			containerPortal = 45281C5B1B571B8F00AB183A /* Project object */;
			proxyType = 1;
			remoteGlobalIDString = 45281C621B571B8F00AB183A;
			remoteInfo = FluxDemo;
		};
/* End PBXContainerItemProxy section */

/* Begin PBXFileReference section */
		45281C631B571B8F00AB183A /* FluxDemo.app */ = {isa = PBXFileReference; explicitFileType = wrapper.application; includeInIndex = 0; path = FluxDemo.app; sourceTree = BUILT_PRODUCTS_DIR; };
		45281C671B571B8F00AB183A /* Info.plist */ = {isa = PBXFileReference; lastKnownFileType = text.plist.xml; path = Info.plist; sourceTree = "<group>"; };
		45281C681B571B8F00AB183A /* AppDelegate.swift */ = {isa = PBXFileReference; lastKnownFileType = sourcecode.swift; path = AppDelegate.swift; sourceTree = "<group>"; };
		45281C6A1B571B8F00AB183A /* ViewController.swift */ = {isa = PBXFileReference; lastKnownFileType = sourcecode.swift; path = ViewController.swift; sourceTree = "<group>"; };
		45281C6D1B571B8F00AB183A /* Base */ = {isa = PBXFileReference; lastKnownFileType = file.storyboard; name = Base; path = Base.lproj/Main.storyboard; sourceTree = "<group>"; };
		45281C6F1B571B8F00AB183A /* Images.xcassets */ = {isa = PBXFileReference; lastKnownFileType = folder.assetcatalog; path = Images.xcassets; sourceTree = "<group>"; };
		45281C721B571B8F00AB183A /* Base */ = {isa = PBXFileReference; lastKnownFileType = file.xib; name = Base; path = Base.lproj/LaunchScreen.xib; sourceTree = "<group>"; };
		45281C781B571B8F00AB183A /* FluxDemoTests.xctest */ = {isa = PBXFileReference; explicitFileType = wrapper.cfbundle; includeInIndex = 0; path = FluxDemoTests.xctest; sourceTree = BUILT_PRODUCTS_DIR; };
		45281C7D1B571B8F00AB183A /* Info.plist */ = {isa = PBXFileReference; lastKnownFileType = text.plist.xml; path = Info.plist; sourceTree = "<group>"; };
		45281C7E1B571B8F00AB183A /* FluxDemoTests.swift */ = {isa = PBXFileReference; lastKnownFileType = sourcecode.swift; path = FluxDemoTests.swift; sourceTree = "<group>"; };
/* End PBXFileReference section */

/* Begin PBXFrameworksBuildPhase section */
		45281C601B571B8F00AB183A /* Frameworks */ = {
			isa = PBXFrameworksBuildPhase;
			buildActionMask = 2147483647;
			files = (
			);
			runOnlyForDeploymentPostprocessing = 0;
		};
		45281C751B571B8F00AB183A /* Frameworks */ = {
			isa = PBXFrameworksBuildPhase;
			buildActionMask = 2147483647;
			files = (
			);
			runOnlyForDeploymentPostprocessing = 0;
		};
/* End PBXFrameworksBuildPhase section */

/* Begin PBXGroup section */
		45281C5A1B571B8F00AB183A = {
			isa = PBXGroup;
			children = (
				45281C651B571B8F00AB183A /* FluxDemo */,
				45281C7B1B571B8F00AB183A /* FluxDemoTests */,
				45281C641B571B8F00AB183A /* Products */,
			);
			sourceTree = "<group>";
		};
		45281C641B571B8F00AB183A /* Products */ = {
			isa = PBXGroup;
			children = (
				45281C631B571B8F00AB183A /* FluxDemo.app */,
				45281C781B571B8F00AB183A /* FluxDemoTests.xctest */,
			);
			name = Products;
			sourceTree = "<group>";
		};
		45281C651B571B8F00AB183A /* FluxDemo */ = {
			isa = PBXGroup;
			children = (
				45281C681B571B8F00AB183A /* AppDelegate.swift */,
				45281C6A1B571B8F00AB183A /* ViewController.swift */,
				45281C6C1B571B8F00AB183A /* Main.storyboard */,
				45281C6F1B571B8F00AB183A /* Images.xcassets */,
				45281C711B571B8F00AB183A /* LaunchScreen.xib */,
				45281C661B571B8F00AB183A /* Supporting Files */,
			);
			path = FluxDemo;
			sourceTree = "<group>";
		};
		45281C661B571B8F00AB183A /* Supporting Files */ = {
			isa = PBXGroup;
			children = (
				45281C671B571B8F00AB183A /* Info.plist */,
			);
			name = "Supporting Files";
			sourceTree = "<group>";
		};
		45281C7B1B571B8F00AB183A /* FluxDemoTests */ = {
			isa = PBXGroup;
			children = (
				45281C7E1B571B8F00AB183A /* FluxDemoTests.swift */,
				45281C7C1B571B8F00AB183A /* Supporting Files */,
			);
			path = FluxDemoTests;
			sourceTree = "<group>";
		};
		45281C7C1B571B8F00AB183A /* Supporting Files */ = {
			isa = PBXGroup;
			children = (
				45281C7D1B571B8F00AB183A /* Info.plist */,
			);
			name = "Supporting Files";
			sourceTree = "<group>";
		};
/* End PBXGroup section */

/* Begin PBXNativeTarget section */
		45281C621B571B8F00AB183A /* FluxDemo */ = {
			isa = PBXNativeTarget;
			buildConfigurationList = 45281C821B571B8F00AB183A /* Build configuration list for PBXNativeTarget "FluxDemo" */;
			buildPhases = (
				45281C5F1B571B8F00AB183A /* Sources */,
				45281C601B571B8F00AB183A /* Frameworks */,
				45281C611B571B8F00AB183A /* Resources */,
			);
			buildRules = (
			);
			dependencies = (
			);
			name = FluxDemo;
			productName = FluxDemo;
			productReference = 45281C631B571B8F00AB183A /* FluxDemo.app */;
			productType = "com.apple.product-type.application";
		};
		45281C771B571B8F00AB183A /* FluxDemoTests */ = {
			isa = PBXNativeTarget;
			buildConfigurationList = 45281C851B571B8F00AB183A /* Build configuration list for PBXNativeTarget "FluxDemoTests" */;
			buildPhases = (
				45281C741B571B8F00AB183A /* Sources */,
				45281C751B571B8F00AB183A /* Frameworks */,
				45281C761B571B8F00AB183A /* Resources */,
			);
			buildRules = (
			);
			dependencies = (
				45281C7A1B571B8F00AB183A /* PBXTargetDependency */,
			);
			name = FluxDemoTests;
			productName = FluxDemoTests;
			productReference = 45281C781B571B8F00AB183A /* FluxDemoTests.xctest */;
			productType = "com.apple.product-type.bundle.unit-test";
		};
/* End PBXNativeTarget section */

/* Begin PBXProject section */
		45281C5B1B571B8F00AB183A /* Project object */ = {
			isa = PBXProject;
			attributes = {
				LastUpgradeCheck = 0640;
				ORGANIZATIONNAME = RRocks;
				TargetAttributes = {
					45281C621B571B8F00AB183A = {
						CreatedOnToolsVersion = 6.4;
					};
					45281C771B571B8F00AB183A = {
						CreatedOnToolsVersion = 6.4;
						TestTargetID = 45281C621B571B8F00AB183A;
					};
				};
			};
			buildConfigurationList = 45281C5E1B571B8F00AB183A /* Build configuration list for PBXProject "FluxDemo" */;
			compatibilityVersion = "Xcode 3.2";
			developmentRegion = English;
			hasScannedForEncodings = 0;
			knownRegions = (
				en,
				Base,
			);
			mainGroup = 45281C5A1B571B8F00AB183A;
			productRefGroup = 45281C641B571B8F00AB183A /* Products */;
			projectDirPath = "";
			projectRoot = "";
			targets = (
				45281C621B571B8F00AB183A /* FluxDemo */,
				45281C771B571B8F00AB183A /* FluxDemoTests */,
			);
		};
/* End PBXProject section */

/* Begin PBXResourcesBuildPhase section */
		45281C611B571B8F00AB183A /* Resources */ = {
			isa = PBXResourcesBuildPhase;
			buildActionMask = 2147483647;
			files = (
				45281C6E1B571B8F00AB183A /* Main.storyboard in Resources */,
				45281C731B571B8F00AB183A /* LaunchScreen.xib in Resources */,
				45281C701B571B8F00AB183A /* Images.xcassets in Resources */,
			);
			runOnlyForDeploymentPostprocessing = 0;
		};
		45281C761B571B8F00AB183A /* Resources */ = {
			isa = PBXResourcesBuildPhase;
			buildActionMask = 2147483647;
			files = (
			);
			runOnlyForDeploymentPostprocessing = 0;
		};
/* End PBXResourcesBuildPhase section */

/* Begin PBXSourcesBuildPhase section */
		45281C5F1B571B8F00AB183A /* Sources */ = {
			isa = PBXSourcesBuildPhase;
			buildActionMask = 2147483647;
			files = (
				45281C6B1B571B8F00AB183A /* ViewController.swift in Sources */,
				45281C691B571B8F00AB183A /* AppDelegate.swift in Sources */,
			);
			runOnlyForDeploymentPostprocessing = 0;
		};
		45281C741B571B8F00AB183A /* Sources */ = {
			isa = PBXSourcesBuildPhase;
			buildActionMask = 2147483647;
			files = (
				45281C7F1B571B8F00AB183A /* FluxDemoTests.swift in Sources */,
			);
			runOnlyForDeploymentPostprocessing = 0;
		};
/* End PBXSourcesBuildPhase section */

/* Begin PBXTargetDependency section */
		45281C7A1B571B8F00AB183A /* PBXTargetDependency */ = {
			isa = PBXTargetDependency;
			target = 45281C621B571B8F00AB183A /* FluxDemo */;
			targetProxy = 45281C791B571B8F00AB183A /* PBXContainerItemProxy */;
		};
/* End PBXTargetDependency section */

/* Begin PBXVariantGroup section */
		45281C6C1B571B8F00AB183A /* Main.storyboard */ = {
			isa = PBXVariantGroup;
			children = (
				45281C6D1B571B8F00AB183A /* Base */,
			);
			name = Main.storyboard;
			sourceTree = "<group>";
		};
		45281C711B571B8F00AB183A /* LaunchScreen.xib */ = {
			isa = PBXVariantGroup;
			children = (
				45281C721B571B8F00AB183A /* Base */,
			);
			name = LaunchScreen.xib;
			sourceTree = "<group>";
		};
/* End PBXVariantGroup section */

/* Begin XCBuildConfiguration section */
		45281C801B571B8F00AB183A /* Debug */ = {
			isa = XCBuildConfiguration;
			buildSettings = {
				ALWAYS_SEARCH_USER_PATHS = NO;
				CLANG_CXX_LANGUAGE_STANDARD = "gnu++0x";
				CLANG_CXX_LIBRARY = "libc++";
				CLANG_ENABLE_MODULES = YES;
				CLANG_ENABLE_OBJC_ARC = YES;
				CLANG_WARN_BOOL_CONVERSION = YES;
				CLANG_WARN_CONSTANT_CONVERSION = YES;
				CLANG_WARN_DIRECT_OBJC_ISA_USAGE = YES_ERROR;
				CLANG_WARN_EMPTY_BODY = YES;
				CLANG_WARN_ENUM_CONVERSION = YES;
				CLANG_WARN_INT_CONVERSION = YES;
				CLANG_WARN_OBJC_ROOT_CLASS = YES_ERROR;
				CLANG_WARN_UNREACHABLE_CODE = YES;
				CLANG_WARN__DUPLICATE_METHOD_MATCH = YES;
				"CODE_SIGN_IDENTITY[sdk=iphoneos*]" = "iPhone Developer";
				COPY_PHASE_STRIP = NO;
				DEBUG_INFORMATION_FORMAT = "dwarf-with-dsym";
				ENABLE_STRICT_OBJC_MSGSEND = YES;
				GCC_C_LANGUAGE_STANDARD = gnu99;
				GCC_DYNAMIC_NO_PIC = NO;
				GCC_NO_COMMON_BLOCKS = YES;
				GCC_OPTIMIZATION_LEVEL = 0;
				GCC_PREPROCESSOR_DEFINITIONS = (
					"DEBUG=1",
					"$(inherited)",
				);
				GCC_SYMBOLS_PRIVATE_EXTERN = NO;
				GCC_WARN_64_TO_32_BIT_CONVERSION = YES;
				GCC_WARN_ABOUT_RETURN_TYPE = YES_ERROR;
				GCC_WARN_UNDECLARED_SELECTOR = YES;
				GCC_WARN_UNINITIALIZED_AUTOS = YES_AGGRESSIVE;
				GCC_WARN_UNUSED_FUNCTION = YES;
				GCC_WARN_UNUSED_VARIABLE = YES;
				IPHONEOS_DEPLOYMENT_TARGET = 8.4;
				MTL_ENABLE_DEBUG_INFO = YES;
				ONLY_ACTIVE_ARCH = YES;
				SDKROOT = iphoneos;
				SWIFT_OPTIMIZATION_LEVEL = "-Onone";
			};
			name = Debug;
		};
		45281C811B571B8F00AB183A /* Release */ = {
			isa = XCBuildConfiguration;
			buildSettings = {
				ALWAYS_SEARCH_USER_PATHS = NO;
				CLANG_CXX_LANGUAGE_STANDARD = "gnu++0x";
				CLANG_CXX_LIBRARY = "libc++";
				CLANG_ENABLE_MODULES = YES;
				CLANG_ENABLE_OBJC_ARC = YES;
				CLANG_WARN_BOOL_CONVERSION = YES;
				CLANG_WARN_CONSTANT_CONVERSION = YES;
				CLANG_WARN_DIRECT_OBJC_ISA_USAGE = YES_ERROR;
				CLANG_WARN_EMPTY_BODY = YES;
				CLANG_WARN_ENUM_CONVERSION = YES;
				CLANG_WARN_INT_CONVERSION = YES;
				CLANG_WARN_OBJC_ROOT_CLASS = YES_ERROR;
				CLANG_WARN_UNREACHABLE_CODE = YES;
				CLANG_WARN__DUPLICATE_METHOD_MATCH = YES;
				"CODE_SIGN_IDENTITY[sdk=iphoneos*]" = "iPhone Developer";
				COPY_PHASE_STRIP = NO;
				DEBUG_INFORMATION_FORMAT = "dwarf-with-dsym";
				ENABLE_NS_ASSERTIONS = NO;
				ENABLE_STRICT_OBJC_MSGSEND = YES;
				GCC_C_LANGUAGE_STANDARD = gnu99;
				GCC_NO_COMMON_BLOCKS = YES;
				GCC_WARN_64_TO_32_BIT_CONVERSION = YES;
				GCC_WARN_ABOUT_RETURN_TYPE = YES_ERROR;
				GCC_WARN_UNDECLARED_SELECTOR = YES;
				GCC_WARN_UNINITIALIZED_AUTOS = YES_AGGRESSIVE;
				GCC_WARN_UNUSED_FUNCTION = YES;
				GCC_WARN_UNUSED_VARIABLE = YES;
				IPHONEOS_DEPLOYMENT_TARGET = 8.4;
				MTL_ENABLE_DEBUG_INFO = NO;
				SDKROOT = iphoneos;
				VALIDATE_PRODUCT = YES;
			};
			name = Release;
		};
		45281C831B571B8F00AB183A /* Debug */ = {
			isa = XCBuildConfiguration;
			buildSettings = {
				ASSETCATALOG_COMPILER_APPICON_NAME = AppIcon;
				INFOPLIST_FILE = FluxDemo/Info.plist;
				LD_RUNPATH_SEARCH_PATHS = "$(inherited) @executable_path/Frameworks";
				PRODUCT_NAME = "$(TARGET_NAME)";
			};
			name = Debug;
		};
		45281C841B571B8F00AB183A /* Release */ = {
			isa = XCBuildConfiguration;
			buildSettings = {
				ASSETCATALOG_COMPILER_APPICON_NAME = AppIcon;
				INFOPLIST_FILE = FluxDemo/Info.plist;
				LD_RUNPATH_SEARCH_PATHS = "$(inherited) @executable_path/Frameworks";
				PRODUCT_NAME = "$(TARGET_NAME)";
			};
			name = Release;
		};
		45281C861B571B8F00AB183A /* Debug */ = {
			isa = XCBuildConfiguration;
			buildSettings = {
				BUNDLE_LOADER = "$(TEST_HOST)";
				FRAMEWORK_SEARCH_PATHS = (
					"$(SDKROOT)/Developer/Library/Frameworks",
					"$(inherited)",
				);
				GCC_PREPROCESSOR_DEFINITIONS = (
					"DEBUG=1",
					"$(inherited)",
				);
				INFOPLIST_FILE = FluxDemoTests/Info.plist;
				LD_RUNPATH_SEARCH_PATHS = "$(inherited) @executable_path/Frameworks @loader_path/Frameworks";
				PRODUCT_NAME = "$(TARGET_NAME)";
				TEST_HOST = "$(BUILT_PRODUCTS_DIR)/FluxDemo.app/FluxDemo";
			};
			name = Debug;
		};
		45281C871B571B8F00AB183A /* Release */ = {
			isa = XCBuildConfiguration;
			buildSettings = {
				BUNDLE_LOADER = "$(TEST_HOST)";
				FRAMEWORK_SEARCH_PATHS = (
					"$(SDKROOT)/Developer/Library/Frameworks",
					"$(inherited)",
				);
				INFOPLIST_FILE = FluxDemoTests/Info.plist;
				LD_RUNPATH_SEARCH_PATHS = "$(inherited) @executable_path/Frameworks @loader_path/Frameworks";
				PRODUCT_NAME = "$(TARGET_NAME)";
				TEST_HOST = "$(BUILT_PRODUCTS_DIR)/FluxDemo.app/FluxDemo";
			};
			name = Release;
		};
/* End XCBuildConfiguration section */

/* Begin XCConfigurationList section */
		45281C5E1B571B8F00AB183A /* Build configuration list for PBXProject "FluxDemo" */ = {
			isa = XCConfigurationList;
			buildConfigurations = (
				45281C801B571B8F00AB183A /* Debug */,
				45281C811B571B8F00AB183A /* Release */,
			);
			defaultConfigurationIsVisible = 0;
			defaultConfigurationName = Release;
		};
		45281C821B571B8F00AB183A /* Build configuration list for PBXNativeTarget "FluxDemo" */ = {
			isa = XCConfigurationList;
			buildConfigurations = (
				45281C831B571B8F00AB183A /* Debug */,
				45281C841B571B8F00AB183A /* Release */,
			);
			defaultConfigurationIsVisible = 0;
		};
		45281C851B571B8F00AB183A /* Build configuration list for PBXNativeTarget "FluxDemoTests" */ = {
			isa = XCConfigurationList;
			buildConfigurations = (
				45281C861B571B8F00AB183A /* Debug */,
				45281C871B571B8F00AB183A /* Release */,
			);
			defaultConfigurationIsVisible = 0;
		};
/* End XCConfigurationList section */
	};
	rootObject = 45281C5B1B571B8F00AB183A /* Project object */;
}
